
Microsoft Visual Studio Solution File, Format Version 12.00
# Visual Studio 15
VisualStudioVersion = 15.0.28307.106
MinimumVisualStudioVersion = 10.0.40219.1
Project("{8BC9CEB8-8B4A-11D0-8D11-00A0C91BC942}") = "Class", "Class.vcxproj", "{A545E2D6-0C09-487B-8B44-0C5F686ED6E3}"
EndProject
Global
	GlobalSection(SolutionConfigurationPlatforms) = preSolution
		Debug|x64 = Debug|x64
		Debug|x86 = Debug|x86
		Release|x64 = Release|x64
		Release|x86 = Release|x86
	EndGlobalSection
	GlobalSection(ProjectConfigurationPlatforms) = postSolution
		{A545E2D6-0C09-487B-8B44-0C5F686ED6E3}.Debug|x64.ActiveCfg = Debug|x64
		{A545E2D6-0C09-487B-8B44-0C5F686ED6E3}.Debug|x64.Build.0 = Debug|x64
		{A545E2D6-0C09-487B-8B44-0C5F686ED6E3}.Debug|x86.ActiveCfg = Debug|Win32
		{A545E2D6-0C09-487B-8B44-0C5F686ED6E3}.Debug|x86.Build.0 = Debug|Win32
		{A545E2D6-0C09-487B-8B44-0C5F686ED6E3}.Release|x64.ActiveCfg = Release|x64
		{A545E2D6-0C09-487B-8B44-0C5F686ED6E3}.Release|x64.Build.0 = Release|x64
		{A545E2D6-0C09-487B-8B44-0C5F686ED6E3}.Release|x86.ActiveCfg = Release|Win32
		{A545E2D6-0C09-487B-8B44-0C5F686ED6E3}.Release|x86.Build.0 = Release|Win32
	EndGlobalSection
	GlobalSection(SolutionProperties) = preSolution
		HideSolutionNode = FALSE
	EndGlobalSection
	GlobalSection(ExtensibilityGlobals) = postSolution
		SolutionGuid = {893E426A-AC04-44D0-8C5B-3EFDD95E005A}
	EndGlobalSection
EndGlobal
